
Microsoft Visual Studio Solution File, Format Version 12.00
# Visual Studio 2013
VisualStudioVersion = 12.0.21005.1
MinimumVisualStudioVersion = 10.0.40219.1
Project("{FAE04EC0-301F-11D3-BF4B-00C04F79EFBC}") = "LegendaryClient", "LegendaryClient\LegendaryClient.csproj", "{A6F20D1A-8523-42EF-BED7-90915047AB44}"
EndProject
Project("{FAE04EC0-301F-11D3-BF4B-00C04F79EFBC}") = "ReplayHandler", "ReplayHandler\ReplayHandler.csproj", "{F7D78C61-76B0-4270-9B45-4DAEA881A4BB}"
EndProject
Project("{FAE04EC0-301F-11D3-BF4B-00C04F79EFBC}") = "PVPNetConnect", "PVPNetConnect\PVPNetConnect.csproj", "{93DCBEBF-C652-40ED-A003-CFF421F68B4F}"
EndProject
Project("{FAE04EC0-301F-11D3-BF4B-00C04F79EFBC}") = "LegendaryClient.Patcher", "LegendaryClient.Patcher\LegendaryClient.Patcher.csproj", "{9C7F7F35-2F26-4191-A954-7770C7854D27}"
EndProject
Project("{FAE04EC0-301F-11D3-BF4B-00C04F79EFBC}") = "LCLog", "LCLog\LCLog.csproj", "{B9ACF25E-89AE-4CC8-9041-1E74822DAC2D}"
EndProject
Project("{FAE04EC0-301F-11D3-BF4B-00C04F79EFBC}") = "RiotPatch", "RiotPatch\RiotPatch.csproj", "{FD32D64F-B568-43A1-8C52-7F3DA59781AA}"
EndProject
Project("{FAE04EC0-301F-11D3-BF4B-00C04F79EFBC}") = "ReplayRecorder", "ReplayRecorder\ReplayRecorder.csproj", "{3905C5B7-196E-4628-9055-3681DBAEABDB}"
EndProject
Project("{FAE04EC0-301F-11D3-BF4B-00C04F79EFBC}") = "LegendaryClientMLaunch", "LegendaryClientMLaunch\LegendaryClientMLaunch.csproj", "{3739A18E-C2DA-4DD9-B51D-67B6DFD7B788}"
EndProject
Global
	GlobalSection(SolutionConfigurationPlatforms) = preSolution
		Debug|Any CPU = Debug|Any CPU
		DispersiaRelease|Any CPU = DispersiaRelease|Any CPU
		PubRelease|Any CPU = PubRelease|Any CPU
		Release|Any CPU = Release|Any CPU
	EndGlobalSection
	GlobalSection(ProjectConfigurationPlatforms) = postSolution
		{A6F20D1A-8523-42EF-BED7-90915047AB44}.Debug|Any CPU.ActiveCfg = Debug|Any CPU
		{A6F20D1A-8523-42EF-BED7-90915047AB44}.Debug|Any CPU.Build.0 = Debug|Any CPU
		{A6F20D1A-8523-42EF-BED7-90915047AB44}.DispersiaRelease|Any CPU.ActiveCfg = DispersiaRelease|Any CPU
		{A6F20D1A-8523-42EF-BED7-90915047AB44}.DispersiaRelease|Any CPU.Build.0 = DispersiaRelease|Any CPU
		{A6F20D1A-8523-42EF-BED7-90915047AB44}.PubRelease|Any CPU.ActiveCfg = PubRelease|Any CPU
		{A6F20D1A-8523-42EF-BED7-90915047AB44}.PubRelease|Any CPU.Build.0 = PubRelease|Any CPU
		{A6F20D1A-8523-42EF-BED7-90915047AB44}.Release|Any CPU.ActiveCfg = Release|Any CPU
		{A6F20D1A-8523-42EF-BED7-90915047AB44}.Release|Any CPU.Build.0 = Release|Any CPU
		{F7D78C61-76B0-4270-9B45-4DAEA881A4BB}.Debug|Any CPU.ActiveCfg = Debug|Any CPU
		{F7D78C61-76B0-4270-9B45-4DAEA881A4BB}.Debug|Any CPU.Build.0 = Debug|Any CPU
		{F7D78C61-76B0-4270-9B45-4DAEA881A4BB}.DispersiaRelease|Any CPU.ActiveCfg = DispersiaRelease|Any CPU
		{F7D78C61-76B0-4270-9B45-4DAEA881A4BB}.DispersiaRelease|Any CPU.Build.0 = DispersiaRelease|Any CPU
		{F7D78C61-76B0-4270-9B45-4DAEA881A4BB}.PubRelease|Any CPU.ActiveCfg = PubRelease|Any CPU
		{F7D78C61-76B0-4270-9B45-4DAEA881A4BB}.PubRelease|Any CPU.Build.0 = PubRelease|Any CPU
		{F7D78C61-76B0-4270-9B45-4DAEA881A4BB}.Release|Any CPU.ActiveCfg = Release|Any CPU
		{F7D78C61-76B0-4270-9B45-4DAEA881A4BB}.Release|Any CPU.Build.0 = Release|Any CPU
		{93DCBEBF-C652-40ED-A003-CFF421F68B4F}.Debug|Any CPU.ActiveCfg = Debug|Any CPU
		{93DCBEBF-C652-40ED-A003-CFF421F68B4F}.Debug|Any CPU.Build.0 = Debug|Any CPU
		{93DCBEBF-C652-40ED-A003-CFF421F68B4F}.DispersiaRelease|Any CPU.ActiveCfg = DispersiaRelease|Any CPU
		{93DCBEBF-C652-40ED-A003-CFF421F68B4F}.DispersiaRelease|Any CPU.Build.0 = DispersiaRelease|Any CPU
		{93DCBEBF-C652-40ED-A003-CFF421F68B4F}.PubRelease|Any CPU.ActiveCfg = PubRelease|Any CPU
		{93DCBEBF-C652-40ED-A003-CFF421F68B4F}.PubRelease|Any CPU.Build.0 = PubRelease|Any CPU
		{93DCBEBF-C652-40ED-A003-CFF421F68B4F}.Release|Any CPU.ActiveCfg = Release|Any CPU
		{93DCBEBF-C652-40ED-A003-CFF421F68B4F}.Release|Any CPU.Build.0 = Release|Any CPU
		{9C7F7F35-2F26-4191-A954-7770C7854D27}.Debug|Any CPU.ActiveCfg = Debug|Any CPU
		{9C7F7F35-2F26-4191-A954-7770C7854D27}.Debug|Any CPU.Build.0 = Debug|Any CPU
		{9C7F7F35-2F26-4191-A954-7770C7854D27}.DispersiaRelease|Any CPU.ActiveCfg = DispersiaRelease|Any CPU
		{9C7F7F35-2F26-4191-A954-7770C7854D27}.PubRelease|Any CPU.ActiveCfg = Release|Any CPU
		{9C7F7F35-2F26-4191-A954-7770C7854D27}.PubRelease|Any CPU.Build.0 = Release|Any CPU
		{9C7F7F35-2F26-4191-A954-7770C7854D27}.Release|Any CPU.ActiveCfg = Release|Any CPU
		{9C7F7F35-2F26-4191-A954-7770C7854D27}.Release|Any CPU.Build.0 = Release|Any CPU
		{B9ACF25E-89AE-4CC8-9041-1E74822DAC2D}.Debug|Any CPU.ActiveCfg = Debug|Any CPU
		{B9ACF25E-89AE-4CC8-9041-1E74822DAC2D}.Debug|Any CPU.Build.0 = Debug|Any CPU
		{B9ACF25E-89AE-4CC8-9041-1E74822DAC2D}.DispersiaRelease|Any CPU.ActiveCfg = DispersiaRelease|Any CPU
		{B9ACF25E-89AE-4CC8-9041-1E74822DAC2D}.DispersiaRelease|Any CPU.Build.0 = DispersiaRelease|Any CPU
		{B9ACF25E-89AE-4CC8-9041-1E74822DAC2D}.PubRelease|Any CPU.ActiveCfg = Release|Any CPU
		{B9ACF25E-89AE-4CC8-9041-1E74822DAC2D}.PubRelease|Any CPU.Build.0 = Release|Any CPU
		{B9ACF25E-89AE-4CC8-9041-1E74822DAC2D}.Release|Any CPU.ActiveCfg = Release|Any CPU
		{B9ACF25E-89AE-4CC8-9041-1E74822DAC2D}.Release|Any CPU.Build.0 = Release|Any CPU
		{FD32D64F-B568-43A1-8C52-7F3DA59781AA}.Debug|Any CPU.ActiveCfg = Debug|Any CPU
		{FD32D64F-B568-43A1-8C52-7F3DA59781AA}.Debug|Any CPU.Build.0 = Debug|Any CPU
		{FD32D64F-B568-43A1-8C52-7F3DA59781AA}.DispersiaRelease|Any CPU.ActiveCfg = DispersiaRelease|Any CPU
		{FD32D64F-B568-43A1-8C52-7F3DA59781AA}.DispersiaRelease|Any CPU.Build.0 = DispersiaRelease|Any CPU
		{FD32D64F-B568-43A1-8C52-7F3DA59781AA}.PubRelease|Any CPU.ActiveCfg = Release|Any CPU
		{FD32D64F-B568-43A1-8C52-7F3DA59781AA}.PubRelease|Any CPU.Build.0 = Release|Any CPU
		{FD32D64F-B568-43A1-8C52-7F3DA59781AA}.Release|Any CPU.ActiveCfg = Release|Any CPU
		{FD32D64F-B568-43A1-8C52-7F3DA59781AA}.Release|Any CPU.Build.0 = Release|Any CPU
		{3905C5B7-196E-4628-9055-3681DBAEABDB}.Debug|Any CPU.ActiveCfg = Debug|Any CPU
		{3905C5B7-196E-4628-9055-3681DBAEABDB}.Debug|Any CPU.Build.0 = Debug|Any CPU
		{3905C5B7-196E-4628-9055-3681DBAEABDB}.DispersiaRelease|Any CPU.ActiveCfg = DispersiaRelease|Any CPU
		{3905C5B7-196E-4628-9055-3681DBAEABDB}.DispersiaRelease|Any CPU.Build.0 = DispersiaRelease|Any CPU
		{3905C5B7-196E-4628-9055-3681DBAEABDB}.PubRelease|Any CPU.ActiveCfg = Release|Any CPU
		{3905C5B7-196E-4628-9055-3681DBAEABDB}.PubRelease|Any CPU.Build.0 = Release|Any CPU
		{3905C5B7-196E-4628-9055-3681DBAEABDB}.Release|Any CPU.ActiveCfg = Release|Any CPU
		{3905C5B7-196E-4628-9055-3681DBAEABDB}.Release|Any CPU.Build.0 = Release|Any CPU
		{3739A18E-C2DA-4DD9-B51D-67B6DFD7B788}.Debug|Any CPU.ActiveCfg = Debug|Any CPU
		{3739A18E-C2DA-4DD9-B51D-67B6DFD7B788}.Debug|Any CPU.Build.0 = Debug|Any CPU
		{3739A18E-C2DA-4DD9-B51D-67B6DFD7B788}.DispersiaRelease|Any CPU.ActiveCfg = Release|Any CPU
		{3739A18E-C2DA-4DD9-B51D-67B6DFD7B788}.PubRelease|Any CPU.ActiveCfg = Release|Any CPU
		{3739A18E-C2DA-4DD9-B51D-67B6DFD7B788}.PubRelease|Any CPU.Build.0 = Release|Any CPU
		{3739A18E-C2DA-4DD9-B51D-67B6DFD7B788}.Release|Any CPU.ActiveCfg = Release|Any CPU
		{3739A18E-C2DA-4DD9-B51D-67B6DFD7B788}.Release|Any CPU.Build.0 = Release|Any CPU
	EndGlobalSection
	GlobalSection(SolutionProperties) = preSolution
		HideSolutionNode = FALSE
	EndGlobalSection
EndGlobal
